// !$*UTF8*$!
{
	archiveVersion = 1;
	classes = {
	};
	objectVersion = 50;
	objects = {

/* Begin PBXBuildFile section */
		277C4729224C8173006E8511 /* AppDelegate.swift in Sources */ = {isa = PBXBuildFile; fileRef = 277C4728224C8173006E8511 /* AppDelegate.swift */; };
		277C472B224C8173006E8511 /* ViewController.swift in Sources */ = {isa = PBXBuildFile; fileRef = 277C472A224C8173006E8511 /* ViewController.swift */; };
		277C472E224C8173006E8511 /* Main.storyboard in Resources */ = {isa = PBXBuildFile; fileRef = 277C472C224C8173006E8511 /* Main.storyboard */; };
		277C4730224C8176006E8511 /* Assets.xcassets in Resources */ = {isa = PBXBuildFile; fileRef = 277C472F224C8176006E8511 /* Assets.xcassets */; };
		277C4733224C8176006E8511 /* LaunchScreen.storyboard in Resources */ = {isa = PBXBuildFile; fileRef = 277C4731224C8176006E8511 /* LaunchScreen.storyboard */; };
		277C473B224C8B98006E8511 /* CVCFood.swift in Sources */ = {isa = PBXBuildFile; fileRef = 277C473A224C8B98006E8511 /* CVCFood.swift */; };
		277C473D224C8BFA006E8511 /* Food.swift in Sources */ = {isa = PBXBuildFile; fileRef = 277C473C224C8BFA006E8511 /* Food.swift */; };
		277C473F224C8DA5006E8511 /* Foods.plist in Resources */ = {isa = PBXBuildFile; fileRef = 277C473E224C8DA5006E8511 /* Foods.plist */; };
		27CE7781224D184C001C348E /* VCFoodDetails.swift in Sources */ = {isa = PBXBuildFile; fileRef = 27CE7780224D184C001C348E /* VCFoodDetails.swift */; };
/* End PBXBuildFile section */

/* Begin PBXFileReference section */
		277C4725224C8173006E8511 /* FoodApp.app */ = {isa = PBXFileReference; explicitFileType = wrapper.application; includeInIndex = 0; path = FoodApp.app; sourceTree = BUILT_PRODUCTS_DIR; };
		277C4728224C8173006E8511 /* AppDelegate.swift */ = {isa = PBXFileReference; lastKnownFileType = sourcecode.swift; path = AppDelegate.swift; sourceTree = "<group>"; };
		277C472A224C8173006E8511 /* ViewController.swift */ = {isa = PBXFileReference; lastKnownFileType = sourcecode.swift; path = ViewController.swift; sourceTree = "<group>"; };
		277C472D224C8173006E8511 /* Base */ = {isa = PBXFileReference; lastKnownFileType = file.storyboard; name = Base; path = Base.lproj/Main.storyboard; sourceTree = "<group>"; };
		277C472F224C8176006E8511 /* Assets.xcassets */ = {isa = PBXFileReference; lastKnownFileType = folder.assetcatalog; path = Assets.xcassets; sourceTree = "<group>"; };
		277C4732224C8176006E8511 /* Base */ = {isa = PBXFileReference; lastKnownFileType = file.storyboard; name = Base; path = Base.lproj/LaunchScreen.storyboard; sourceTree = "<group>"; };
		277C4734224C8176006E8511 /* Info.plist */ = {isa = PBXFileReference; lastKnownFileType = text.plist.xml; path = Info.plist; sourceTree = "<group>"; };
		277C473A224C8B98006E8511 /* CVCFood.swift */ = {isa = PBXFileReference; lastKnownFileType = sourcecode.swift; path = CVCFood.swift; sourceTree = "<group>"; };
		277C473C224C8BFA006E8511 /* Food.swift */ = {isa = PBXFileReference; lastKnownFileType = sourcecode.swift; path = Food.swift; sourceTree = "<group>"; };
		277C473E224C8DA5006E8511 /* Foods.plist */ = {isa = PBXFileReference; lastKnownFileType = text.plist.xml; path = Foods.plist; sourceTree = "<group>"; };
		27CE7780224D184C001C348E /* VCFoodDetails.swift */ = {isa = PBXFileReference; lastKnownFileType = sourcecode.swift; path = VCFoodDetails.swift; sourceTree = "<group>"; };
/* End PBXFileReference section */

/* Begin PBXFrameworksBuildPhase section */
		277C4722224C8173006E8511 /* Frameworks */ = {
			isa = PBXFrameworksBuildPhase;
			buildActionMask = 2147483647;
			files = (
			);
			runOnlyForDeploymentPostprocessing = 0;
		};
/* End PBXFrameworksBuildPhase section */

/* Begin PBXGroup section */
		277C471C224C8173006E8511 = {
			isa = PBXGroup;
			children = (
				277C4727224C8173006E8511 /* FoodApp */,
				277C4726224C8173006E8511 /* Products */,
			);
			sourceTree = "<group>";
		};
		277C4726224C8173006E8511 /* Products */ = {
			isa = PBXGroup;
			children = (
				277C4725224C8173006E8511 /* FoodApp.app */,
			);
			name = Products;
			sourceTree = "<group>";
		};
		277C4727224C8173006E8511 /* FoodApp */ = {
			isa = PBXGroup;
			children = (
				277C4728224C8173006E8511 /* AppDelegate.swift */,
				277C472A224C8173006E8511 /* ViewController.swift */,
				277C472C224C8173006E8511 /* Main.storyboard */,
				27CE7780224D184C001C348E /* VCFoodDetails.swift */,
				277C473E224C8DA5006E8511 /* Foods.plist */,
				277C473C224C8BFA006E8511 /* Food.swift */,
				277C473A224C8B98006E8511 /* CVCFood.swift */,
				277C472F224C8176006E8511 /* Assets.xcassets */,
				277C4731224C8176006E8511 /* LaunchScreen.storyboard */,
				277C4734224C8176006E8511 /* Info.plist */,
			);
			path = FoodApp;
			sourceTree = "<group>";
		};
/* End PBXGroup section */

/* Begin PBXNativeTarget section */
		277C4724224C8173006E8511 /* FoodApp */ = {
			isa = PBXNativeTarget;
			buildConfigurationList = 277C4737224C8176006E8511 /* Build configuration list for PBXNativeTarget "FoodApp" */;
			buildPhases = (
				277C4721224C8173006E8511 /* Sources */,
				277C4722224C8173006E8511 /* Frameworks */,
				277C4723224C8173006E8511 /* Resources */,
			);
			buildRules = (
			);
			dependencies = (
			);
			name = FoodApp;
			productName = FoodApp;
			productReference = 277C4725224C8173006E8511 /* FoodApp.app */;
			productType = "com.apple.product-type.application";
		};
/* End PBXNativeTarget section */

/* Begin PBXProject section */
		277C471D224C8173006E8511 /* Project object */ = {
			isa = PBXProject;
			attributes = {
				LastSwiftUpdateCheck = 1020;
				LastUpgradeCheck = 1020;
				ORGANIZATIONNAME = Mike;
				TargetAttributes = {
					277C4724224C8173006E8511 = {
						CreatedOnToolsVersion = 10.2;
					};
				};
			};
			buildConfigurationList = 277C4720224C8173006E8511 /* Build configuration list for PBXProject "FoodApp" */;
			compatibilityVersion = "Xcode 9.3";
			developmentRegion = en;
			hasScannedForEncodings = 0;
			knownRegions = (
				en,
				Base,
			);
			mainGroup = 277C471C224C8173006E8511;
			productRefGroup = 277C4726224C8173006E8511 /* Products */;
			projectDirPath = "";
			projectRoot = "";
			targets = (
				277C4724224C8173006E8511 /* FoodApp */,
			);
		};
/* End PBXProject section */

/* Begin PBXResourcesBuildPhase section */
		277C4723224C8173006E8511 /* Resources */ = {
			isa = PBXResourcesBuildPhase;
			buildActionMask = 2147483647;
			files = (
				277C473F224C8DA5006E8511 /* Foods.plist in Resources */,
				277C4733224C8176006E8511 /* LaunchScreen.storyboard in Resources */,
				277C4730224C8176006E8511 /* Assets.xcassets in Resources */,
				277C472E224C8173006E8511 /* Main.storyboard in Resources */,
			);
			runOnlyForDeploymentPostprocessing = 0;
		};
/* End PBXResourcesBuildPhase section */

/* Begin PBXSourcesBuildPhase section */
		277C4721224C8173006E8511 /* Sources */ = {
			isa = PBXSourcesBuildPhase;
			buildActionMask = 2147483647;
			files = (
				277C473B224C8B98006E8511 /* CVCFood.swift in Sources */,
				277C473D224C8BFA006E8511 /* Food.swift in Sources */,
				277C472B224C8173006E8511 /* ViewController.swift in Sources */,
				27CE7781224D184C001C348E /* VCFoodDetails.swift in Sources */,
				277C4729224C8173006E8511 /* AppDelegate.swift in Sources */,
			);
			runOnlyForDeploymentPostprocessing = 0;
		};
/* End PBXSourcesBuildPhase section */

/* Begin PBXVariantGroup section */
		277C472C224C8173006E8511 /* Main.storyboard */ = {
			isa = PBXVariantGroup;
			children = (
				277C472D224C8173006E8511 /* Base */,
			);
			name = Main.storyboard;
			sourceTree = "<group>";
		};
		277C4731224C8176006E8511 /* LaunchScreen.storyboard */ = {
			isa = PBXVariantGroup;
			children = (
				277C4732224C8176006E8511 /* Base */,
			);
			name = LaunchScreen.storyboard;
			sourceTree = "<group>";
		};
/* End PBXVariantGroup section */

/* Begin XCBuildConfiguration section */
		277C4735224C8176006E8511 /* Debug */ = {
			isa = XCBuildConfiguration;
			buildSettings = {
				ALWAYS_SEARCH_USER_PATHS = NO;
				CLANG_ANALYZER_NONNULL = YES;
				CLANG_ANALYZER_NUMBER_OBJECT_CONVERSION = YES_AGGRESSIVE;
				CLANG_CXX_LANGUAGE_STANDARD = "gnu++14";
				CLANG_CXX_LIBRARY = "libc++";
				CLANG_ENABLE_MODULES = YES;
				CLANG_ENABLE_OBJC_ARC = YES;
				CLANG_ENABLE_OBJC_WEAK = YES;
				CLANG_WARN_BLOCK_CAPTURE_AUTORELEASING = YES;
				CLANG_WARN_BOOL_CONVERSION = YES;
				CLANG_WARN_COMMA = YES;
				CLANG_WARN_CONSTANT_CONVERSION = YES;
				CLANG_WARN_DEPRECATED_OBJC_IMPLEMENTATIONS = YES;
				CLANG_WARN_DIRECT_OBJC_ISA_USAGE = YES_ERROR;
				CLANG_WARN_DOCUMENTATION_COMMENTS = YES;
				CLANG_WARN_EMPTY_BODY = YES;
				CLANG_WARN_ENUM_CONVERSION = YES;
				CLANG_WARN_INFINITE_RECURSION = YES;
				CLANG_WARN_INT_CONVERSION = YES;
				CLANG_WARN_NON_LITERAL_NULL_CONVERSION = YES;
				CLANG_WARN_OBJC_IMPLICIT_RETAIN_SELF = YES;
				CLANG_WARN_OBJC_LITERAL_CONVERSION = YES;
				CLANG_WARN_OBJC_ROOT_CLASS = YES_ERROR;
				CLANG_WARN_RANGE_LOOP_ANALYSIS = YES;
				CLANG_WARN_STRICT_PROTOTYPES = YES;
				CLANG_WARN_SUSPICIOUS_MOVE = YES;
				CLANG_WARN_UNGUARDED_AVAILABILITY = YES_AGGRESSIVE;
				CLANG_WARN_UNREACHABLE_CODE = YES;
				CLANG_WARN__DUPLICATE_METHOD_MATCH = YES;
				CODE_SIGN_IDENTITY = "iPhone Developer";
				COPY_PHASE_STRIP = NO;
				DEBUG_INFORMATION_FORMAT = dwarf;
				ENABLE_STRICT_OBJC_MSGSEND = YES;
				ENABLE_TESTABILITY = YES;
				GCC_C_LANGUAGE_STANDARD = gnu11;
				GCC_DYNAMIC_NO_PIC = NO;
				GCC_NO_COMMON_BLOCKS = YES;
				GCC_OPTIMIZATION_LEVEL = 0;
				GCC_PREPROCESSOR_DEFINITIONS = (
					"DEBUG=1",
					"$(inherited)",
				);
				GCC_WARN_64_TO_32_BIT_CONVERSION = YES;
				GCC_WARN_ABOUT_RETURN_TYPE = YES_ERROR;
				GCC_WARN_UNDECLARED_SELECTOR = YES;
				GCC_WARN_UNINITIALIZED_AUTOS = YES_AGGRESSIVE;
				GCC_WARN_UNUSED_FUNCTION = YES;
				GCC_WARN_UNUSED_VARIABLE = YES;
				IPHONEOS_DEPLOYMENT_TARGET = 12.2;
				MTL_ENABLE_DEBUG_INFO = INCLUDE_SOURCE;
				MTL_FAST_MATH = YES;
				ONLY_ACTIVE_ARCH = YES;
				SDKROOT = iphoneos;
				SWIFT_ACTIVE_COMPILATION_CONDITIONS = DEBUG;
				SWIFT_OPTIMIZATION_LEVEL = "-Onone";
			};
			name = Debug;
		};
		277C4736224C8176006E8511 /* Release */ = {
			isa = XCBuildConfiguration;
			buildSettings = {
				ALWAYS_SEARCH_USER_PATHS = NO;
				CLANG_ANALYZER_NONNULL = YES;
				CLANG_ANALYZER_NUMBER_OBJECT_CONVERSION = YES_AGGRESSIVE;
				CLANG_CXX_LANGUAGE_STANDARD = "gnu++14";
				CLANG_CXX_LIBRARY = "libc++";
				CLANG_ENABLE_MODULES = YES;
				CLANG_ENABLE_OBJC_ARC = YES;
				CLANG_ENABLE_OBJC_WEAK = YES;
				CLANG_WARN_BLOCK_CAPTURE_AUTORELEASING = YES;
				CLANG_WARN_BOOL_CONVERSION = YES;
				CLANG_WARN_COMMA = YES;
				CLANG_WARN_CONSTANT_CONVERSION = YES;
				CLANG_WARN_DEPRECATED_OBJC_IMPLEMENTATIONS = YES;
				CLANG_WARN_DIRECT_OBJC_ISA_USAGE = YES_ERROR;
				CLANG_WARN_DOCUMENTATION_COMMENTS = YES;
				CLANG_WARN_EMPTY_BODY = YES;
				CLANG_WARN_ENUM_CONVERSION = YES;
				CLANG_WARN_INFINITE_RECURSION = YES;
				CLANG_WARN_INT_CONVERSION = YES;
				CLANG_WARN_NON_LITERAL_NULL_CONVERSION = YES;
				CLANG_WARN_OBJC_IMPLICIT_RETAIN_SELF = YES;
				CLANG_WARN_OBJC_LITERAL_CONVERSION = YES;
				CLANG_WARN_OBJC_ROOT_CLASS = YES_ERROR;
				CLANG_WARN_RANGE_LOOP_ANALYSIS = YES;
				CLANG_WARN_STRICT_PROTOTYPES = YES;
				CLANG_WARN_SUSPICIOUS_MOVE = YES;
				CLANG_WARN_UNGUARDED_AVAILABILITY = YES_AGGRESSIVE;
				CLANG_WARN_UNREACHABLE_CODE = YES;
				CLANG_WARN__DUPLICATE_METHOD_MATCH = YES;
				CODE_SIGN_IDENTITY = "iPhone Developer";
				COPY_PHASE_STRIP = NO;
				DEBUG_INFORMATION_FORMAT = "dwarf-with-dsym";
				ENABLE_NS_ASSERTIONS = NO;
				ENABLE_STRICT_OBJC_MSGSEND = YES;
				GCC_C_LANGUAGE_STANDARD = gnu11;
				GCC_NO_COMMON_BLOCKS = YES;
				GCC_WARN_64_TO_32_BIT_CONVERSION = YES;
				GCC_WARN_ABOUT_RETURN_TYPE = YES_ERROR;
				GCC_WARN_UNDECLARED_SELECTOR = YES;
				GCC_WARN_UNINITIALIZED_AUTOS = YES_AGGRESSIVE;
				GCC_WARN_UNUSED_FUNCTION = YES;
				GCC_WARN_UNUSED_VARIABLE = YES;
				IPHONEOS_DEPLOYMENT_TARGET = 12.2;
				MTL_ENABLE_DEBUG_INFO = NO;
				MTL_FAST_MATH = YES;
				SDKROOT = iphoneos;
				SWIFT_COMPILATION_MODE = wholemodule;
				SWIFT_OPTIMIZATION_LEVEL = "-O";
				VALIDATE_PRODUCT = YES;
			};
			name = Release;
		};
		277C4738224C8176006E8511 /* Debug */ = {
			isa = XCBuildConfiguration;
			buildSettings = {
				ASSETCATALOG_COMPILER_APPICON_NAME = AppIcon;
				CODE_SIGN_STYLE = Automatic;
				INFOPLIST_FILE = FoodApp/Info.plist;
				LD_RUNPATH_SEARCH_PATHS = (
					"$(inherited)",
					"@executable_path/Frameworks",
				);
				PRODUCT_BUNDLE_IDENTIFIER = com.utng.FoodApp;
				PRODUCT_NAME = "$(TARGET_NAME)";
				SWIFT_VERSION = 5.0;
				TARGETED_DEVICE_FAMILY = "1,2";
			};
			name = Debug;
		};
		277C4739224C8176006E8511 /* Release */ = {
			isa = XCBuildConfiguration;
			buildSettings = {
				ASSETCATALOG_COMPILER_APPICON_NAME = AppIcon;
				CODE_SIGN_STYLE = Automatic;
				INFOPLIST_FILE = FoodApp/Info.plist;
				LD_RUNPATH_SEARCH_PATHS = (
					"$(inherited)",
					"@executable_path/Frameworks",
				);
				PRODUCT_BUNDLE_IDENTIFIER = com.utng.FoodApp;
				PRODUCT_NAME = "$(TARGET_NAME)";
				SWIFT_VERSION = 5.0;
				TARGETED_DEVICE_FAMILY = "1,2";
			};
			name = Release;
		};
/* End XCBuildConfiguration section */

/* Begin XCConfigurationList section */
		277C4720224C8173006E8511 /* Build configuration list for PBXProject "FoodApp" */ = {
			isa = XCConfigurationList;
			buildConfigurations = (
				277C4735224C8176006E8511 /* Debug */,
				277C4736224C8176006E8511 /* Release */,
			);
			defaultConfigurationIsVisible = 0;
			defaultConfigurationName = Release;
		};
		277C4737224C8176006E8511 /* Build configuration list for PBXNativeTarget "FoodApp" */ = {
			isa = XCConfigurationList;
			buildConfigurations = (
				277C4738224C8176006E8511 /* Debug */,
				277C4739224C8176006E8511 /* Release */,
			);
			defaultConfigurationIsVisible = 0;
			defaultConfigurationName = Release;
		};
/* End XCConfigurationList section */
	};
	rootObject = 277C471D224C8173006E8511 /* Project object */;
}
